
Microsoft Visual Studio Solution File, Format Version 12.00
# Visual Studio Version 17
VisualStudioVersion = 17.0.31903.59
MinimumVisualStudioVersion = 10.0.40219.1
Project("{FAE04EC0-301F-11D3-BF4B-00C04F79EFBC}") = "TestBOL", "TestBOL\TestBOL.csproj", "{EAA995AB-4E31-47B6-BEF8-4A62BC989EB2}"
EndProject
Project("{FAE04EC0-301F-11D3-BF4B-00C04F79EFBC}") = "BOL", "BOL\BOL.csproj", "{8929CBA6-DFD6-4F2D-9984-4A2202DECB0A}"
EndProject
Global
	GlobalSection(SolutionConfigurationPlatforms) = preSolution
		Debug|Any CPU = Debug|Any CPU
		Release|Any CPU = Release|Any CPU
	EndGlobalSection
	GlobalSection(SolutionProperties) = preSolution
		HideSolutionNode = FALSE
	EndGlobalSection
	GlobalSection(ProjectConfigurationPlatforms) = postSolution
		{EAA995AB-4E31-47B6-BEF8-4A62BC989EB2}.Debug|Any CPU.ActiveCfg = Debug|Any CPU
		{EAA995AB-4E31-47B6-BEF8-4A62BC989EB2}.Debug|Any CPU.Build.0 = Debug|Any CPU
		{EAA995AB-4E31-47B6-BEF8-4A62BC989EB2}.Release|Any CPU.ActiveCfg = Release|Any CPU
		{EAA995AB-4E31-47B6-BEF8-4A62BC989EB2}.Release|Any CPU.Build.0 = Release|Any CPU
		{8929CBA6-DFD6-4F2D-9984-4A2202DECB0A}.Debug|Any CPU.ActiveCfg = Debug|Any CPU
		{8929CBA6-DFD6-4F2D-9984-4A2202DECB0A}.Debug|Any CPU.Build.0 = Debug|Any CPU
		{8929CBA6-DFD6-4F2D-9984-4A2202DECB0A}.Release|Any CPU.ActiveCfg = Release|Any CPU
		{8929CBA6-DFD6-4F2D-9984-4A2202DECB0A}.Release|Any CPU.Build.0 = Release|Any CPU
	EndGlobalSection
EndGlobal
